// !$*UTF8*$!
{
	archiveVersion = 1;
	classes = {
	};
	objectVersion = 55;
	objects = {

/* Begin PBXBuildFile section */
		792F73D42969F683007E686E /* SheeKit in Frameworks */ = {isa = PBXBuildFile; productRef = 792F73D32969F683007E686E /* SheeKit */; };
		792F73D6296B4355007E686E /* SideScroller.swift in Sources */ = {isa = PBXBuildFile; fileRef = 792F73D5296B4355007E686E /* SideScroller.swift */; };
		792F73D8296B6943007E686E /* Haptics.swift in Sources */ = {isa = PBXBuildFile; fileRef = 792F73D7296B6943007E686E /* Haptics.swift */; };
		792F7405296DB4F4007E686E /* MovieDB.xcdatamodeld in Sources */ = {isa = PBXBuildFile; fileRef = 792F7403296DB4F4007E686E /* MovieDB.xcdatamodeld */; };
		792F7407296DB582007E686E /* DataController.swift in Sources */ = {isa = PBXBuildFile; fileRef = 792F7406296DB582007E686E /* DataController.swift */; };
		792F7409296DC633007E686E /* WatchlistMovieRow.swift in Sources */ = {isa = PBXBuildFile; fileRef = 792F7408296DC633007E686E /* WatchlistMovieRow.swift */; };
		792F7428296E2DF8007E686E /* WatchlistMovie+CoreDataClass.swift in Sources */ = {isa = PBXBuildFile; fileRef = 792F7426296E2DF8007E686E /* WatchlistMovie+CoreDataClass.swift */; };
		792F7429296E2DF8007E686E /* WatchlistMovie+CoreDataProperties.swift in Sources */ = {isa = PBXBuildFile; fileRef = 792F7427296E2DF8007E686E /* WatchlistMovie+CoreDataProperties.swift */; };
		792F74362970625B007E686E /* ImageView.swift in Sources */ = {isa = PBXBuildFile; fileRef = 792F74352970625B007E686E /* ImageView.swift */; };
		792F743B297070DB007E686E /* TVShows.swift in Sources */ = {isa = PBXBuildFile; fileRef = 792F743A297070DB007E686E /* TVShows.swift */; };
		792F743D2970C0A0007E686E /* ListMovies.swift in Sources */ = {isa = PBXBuildFile; fileRef = 792F743C2970C0A0007E686E /* ListMovies.swift */; };
		794A0FFC2876FDA4008BF0F5 /* FetchData.swift in Sources */ = {isa = PBXBuildFile; fileRef = 794A0FFB2876FDA4008BF0F5 /* FetchData.swift */; };
		794A0FFE28782C3B008BF0F5 /* Actor.swift in Sources */ = {isa = PBXBuildFile; fileRef = 794A0FFD28782C3B008BF0F5 /* Actor.swift */; };
		794A1000287831D3008BF0F5 /* ActorView.swift in Sources */ = {isa = PBXBuildFile; fileRef = 794A0FFF287831D3008BF0F5 /* ActorView.swift */; };
		794A10022879E377008BF0F5 /* RelatedMovies.swift in Sources */ = {isa = PBXBuildFile; fileRef = 794A10012879E377008BF0F5 /* RelatedMovies.swift */; };
		7968890428958B16001BF304 /* Config.swift in Sources */ = {isa = PBXBuildFile; fileRef = 7968890328958B16001BF304 /* Config.swift */; };
		797863CB286F967400A05498 /* Movies.swift in Sources */ = {isa = PBXBuildFile; fileRef = 797863CA286F967400A05498 /* Movies.swift */; };
		797863CD286F983A00A05498 /* Search.swift in Sources */ = {isa = PBXBuildFile; fileRef = 797863CC286F983A00A05498 /* Search.swift */; };
		797863CF286F985E00A05498 /* MovieAndTVShowRow.swift in Sources */ = {isa = PBXBuildFile; fileRef = 797863CE286F985E00A05498 /* MovieAndTVShowRow.swift */; };
		797863DD2870B68300A05498 /* PosterImageStyle.swift in Sources */ = {isa = PBXBuildFile; fileRef = 797863DC2870B68300A05498 /* PosterImageStyle.swift */; };
		79806DD02970DF97006B6C0A /* TVShowView.swift in Sources */ = {isa = PBXBuildFile; fileRef = 79806DCF2970DF97006B6C0A /* TVShowView.swift */; };
		79806DD22971A11D006B6C0A /* HomeSectionsView.swift in Sources */ = {isa = PBXBuildFile; fileRef = 79806DD12971A11D006B6C0A /* HomeSectionsView.swift */; };
		798BF9F5297200810017BAC4 /* AddToWatchlistView.swift in Sources */ = {isa = PBXBuildFile; fileRef = 798BF9F4297200810017BAC4 /* AddToWatchlistView.swift */; };
		799EC4752875A73000680D07 /* MovieView.swift in Sources */ = {isa = PBXBuildFile; fileRef = 799EC4742875A73000680D07 /* MovieView.swift */; };
		79A50EE4286C5BB6002D2B1F /* Kingfisher in Frameworks */ = {isa = PBXBuildFile; productRef = 79A50EE3286C5BB6002D2B1F /* Kingfisher */; };
		79C2DD0B285DD0F900D6E6E4 /* MovieDBApp.swift in Sources */ = {isa = PBXBuildFile; fileRef = 79C2DD0A285DD0F900D6E6E4 /* MovieDBApp.swift */; };
		79C2DD0F285DD0FB00D6E6E4 /* Assets.xcassets in Resources */ = {isa = PBXBuildFile; fileRef = 79C2DD0E285DD0FB00D6E6E4 /* Assets.xcassets */; };
		79C2DD12285DD0FB00D6E6E4 /* Preview Assets.xcassets in Resources */ = {isa = PBXBuildFile; fileRef = 79C2DD11285DD0FB00D6E6E4 /* Preview Assets.xcassets */; };
		79C3F6C62876F1FC005CB367 /* Cast.swift in Sources */ = {isa = PBXBuildFile; fileRef = 79C3F6C52876F1FC005CB367 /* Cast.swift */; };
		79CC882B28A40C0C00E1E37E /* FullCrewView.swift in Sources */ = {isa = PBXBuildFile; fileRef = 79CC882A28A40C0B00E1E37E /* FullCrewView.swift */; };
		79DB77612968DA690084E08F /* Home.swift in Sources */ = {isa = PBXBuildFile; fileRef = 79DB77602968DA690084E08F /* Home.swift */; };
		79DB77652968DBED0084E08F /* MainView.swift in Sources */ = {isa = PBXBuildFile; fileRef = 79DB77642968DBED0084E08F /* MainView.swift */; };
		79DB776B2968F72F0084E08F /* WatchList.swift in Sources */ = {isa = PBXBuildFile; fileRef = 79DB776A2968F72F0084E08F /* WatchList.swift */; };
		79EA9F74287ADB5B0076D18A /* CodableX in Frameworks */ = {isa = PBXBuildFile; productRef = 79EA9F73287ADB5B0076D18A /* CodableX */; };
		79EA9F79287C81A90076D18A /* README.md in Resources */ = {isa = PBXBuildFile; fileRef = 79EA9F78287C81A90076D18A /* README.md */; };
/* End PBXBuildFile section */

/* Begin PBXFileReference section */
		792F73D5296B4355007E686E /* SideScroller.swift */ = {isa = PBXFileReference; lastKnownFileType = sourcecode.swift; path = SideScroller.swift; sourceTree = "<group>"; };
		792F73D7296B6943007E686E /* Haptics.swift */ = {isa = PBXFileReference; lastKnownFileType = sourcecode.swift; path = Haptics.swift; sourceTree = "<group>"; };
		792F7404296DB4F4007E686E /* MovieDB.xcdatamodel */ = {isa = PBXFileReference; lastKnownFileType = wrapper.xcdatamodel; path = MovieDB.xcdatamodel; sourceTree = "<group>"; };
		792F7406296DB582007E686E /* DataController.swift */ = {isa = PBXFileReference; lastKnownFileType = sourcecode.swift; path = DataController.swift; sourceTree = "<group>"; };
		792F7408296DC633007E686E /* WatchlistMovieRow.swift */ = {isa = PBXFileReference; lastKnownFileType = sourcecode.swift; path = WatchlistMovieRow.swift; sourceTree = "<group>"; };
		792F7426296E2DF8007E686E /* WatchlistMovie+CoreDataClass.swift */ = {isa = PBXFileReference; lastKnownFileType = sourcecode.swift; path = "WatchlistMovie+CoreDataClass.swift"; sourceTree = "<group>"; };
		792F7427296E2DF8007E686E /* WatchlistMovie+CoreDataProperties.swift */ = {isa = PBXFileReference; lastKnownFileType = sourcecode.swift; path = "WatchlistMovie+CoreDataProperties.swift"; sourceTree = "<group>"; };
		792F74352970625B007E686E /* ImageView.swift */ = {isa = PBXFileReference; lastKnownFileType = sourcecode.swift; path = ImageView.swift; sourceTree = "<group>"; };
		792F743A297070DB007E686E /* TVShows.swift */ = {isa = PBXFileReference; lastKnownFileType = sourcecode.swift; path = TVShows.swift; sourceTree = "<group>"; };
		792F743C2970C0A0007E686E /* ListMovies.swift */ = {isa = PBXFileReference; lastKnownFileType = sourcecode.swift; path = ListMovies.swift; sourceTree = "<group>"; };
		794A0FFB2876FDA4008BF0F5 /* FetchData.swift */ = {isa = PBXFileReference; lastKnownFileType = sourcecode.swift; path = FetchData.swift; sourceTree = "<group>"; };
		794A0FFD28782C3B008BF0F5 /* Actor.swift */ = {isa = PBXFileReference; lastKnownFileType = sourcecode.swift; path = Actor.swift; sourceTree = "<group>"; };
		794A0FFF287831D3008BF0F5 /* ActorView.swift */ = {isa = PBXFileReference; lastKnownFileType = sourcecode.swift; path = ActorView.swift; sourceTree = "<group>"; };
		794A10012879E377008BF0F5 /* RelatedMovies.swift */ = {isa = PBXFileReference; lastKnownFileType = sourcecode.swift; path = RelatedMovies.swift; sourceTree = "<group>"; };
		7968890328958B16001BF304 /* Config.swift */ = {isa = PBXFileReference; lastKnownFileType = sourcecode.swift; path = Config.swift; sourceTree = "<group>"; };
		797863CA286F967400A05498 /* Movies.swift */ = {isa = PBXFileReference; fileEncoding = 4; lastKnownFileType = sourcecode.swift; path = Movies.swift; sourceTree = "<group>"; };
		797863CC286F983A00A05498 /* Search.swift */ = {isa = PBXFileReference; fileEncoding = 4; lastKnownFileType = sourcecode.swift; path = Search.swift; sourceTree = "<group>"; };
		797863CE286F985E00A05498 /* MovieAndTVShowRow.swift */ = {isa = PBXFileReference; fileEncoding = 4; lastKnownFileType = sourcecode.swift; path = MovieAndTVShowRow.swift; sourceTree = "<group>"; };
		797863DC2870B68300A05498 /* PosterImageStyle.swift */ = {isa = PBXFileReference; lastKnownFileType = sourcecode.swift; path = PosterImageStyle.swift; sourceTree = "<group>"; };
		79806DCF2970DF97006B6C0A /* TVShowView.swift */ = {isa = PBXFileReference; lastKnownFileType = sourcecode.swift; path = TVShowView.swift; sourceTree = "<group>"; };
		79806DD12971A11D006B6C0A /* HomeSectionsView.swift */ = {isa = PBXFileReference; lastKnownFileType = sourcecode.swift; path = HomeSectionsView.swift; sourceTree = "<group>"; };
		798BF9F4297200810017BAC4 /* AddToWatchlistView.swift */ = {isa = PBXFileReference; lastKnownFileType = sourcecode.swift; path = AddToWatchlistView.swift; sourceTree = "<group>"; };
		799EC4742875A73000680D07 /* MovieView.swift */ = {isa = PBXFileReference; lastKnownFileType = sourcecode.swift; path = MovieView.swift; sourceTree = "<group>"; };
		79C2DD07285DD0F900D6E6E4 /* MovieDB.app */ = {isa = PBXFileReference; explicitFileType = wrapper.application; includeInIndex = 0; path = MovieDB.app; sourceTree = BUILT_PRODUCTS_DIR; };
		79C2DD0A285DD0F900D6E6E4 /* MovieDBApp.swift */ = {isa = PBXFileReference; lastKnownFileType = sourcecode.swift; path = MovieDBApp.swift; sourceTree = "<group>"; };
		79C2DD0E285DD0FB00D6E6E4 /* Assets.xcassets */ = {isa = PBXFileReference; lastKnownFileType = folder.assetcatalog; path = Assets.xcassets; sourceTree = "<group>"; };
		79C2DD11285DD0FB00D6E6E4 /* Preview Assets.xcassets */ = {isa = PBXFileReference; lastKnownFileType = folder.assetcatalog; path = "Preview Assets.xcassets"; sourceTree = "<group>"; };
		79C3F6C52876F1FC005CB367 /* Cast.swift */ = {isa = PBXFileReference; lastKnownFileType = sourcecode.swift; path = Cast.swift; sourceTree = "<group>"; };
		79CC882A28A40C0B00E1E37E /* FullCrewView.swift */ = {isa = PBXFileReference; lastKnownFileType = sourcecode.swift; path = FullCrewView.swift; sourceTree = "<group>"; };
		79DB77602968DA690084E08F /* Home.swift */ = {isa = PBXFileReference; lastKnownFileType = sourcecode.swift; path = Home.swift; sourceTree = "<group>"; };
		79DB77642968DBED0084E08F /* MainView.swift */ = {isa = PBXFileReference; lastKnownFileType = sourcecode.swift; path = MainView.swift; sourceTree = "<group>"; };
		79DB776A2968F72F0084E08F /* WatchList.swift */ = {isa = PBXFileReference; lastKnownFileType = sourcecode.swift; path = WatchList.swift; sourceTree = "<group>"; };
		79EA9F78287C81A90076D18A /* README.md */ = {isa = PBXFileReference; fileEncoding = 4; lastKnownFileType = net.daringfireball.markdown; path = README.md; sourceTree = "<group>"; };
/* End PBXFileReference section */

/* Begin PBXFrameworksBuildPhase section */
		79C2DD04285DD0F900D6E6E4 /* Frameworks */ = {
			isa = PBXFrameworksBuildPhase;
			buildActionMask = 2147483647;
			files = (
				792F73D42969F683007E686E /* SheeKit in Frameworks */,
				79A50EE4286C5BB6002D2B1F /* Kingfisher in Frameworks */,
				79EA9F74287ADB5B0076D18A /* CodableX in Frameworks */,
			);
			runOnlyForDeploymentPostprocessing = 0;
		};
/* End PBXFrameworksBuildPhase section */

/* Begin PBXGroup section */
		792F742A296EBAF1007E686E /* Core Data */ = {
			isa = PBXGroup;
			children = (
				792F7406296DB582007E686E /* DataController.swift */,
				792F7426296E2DF8007E686E /* WatchlistMovie+CoreDataClass.swift */,
				792F7427296E2DF8007E686E /* WatchlistMovie+CoreDataProperties.swift */,
			);
			path = "Core Data";
			sourceTree = "<group>";
		};
		792F7437297065CC007E686E /* HelperViews */ = {
			isa = PBXGroup;
			children = (
				79806DD12971A11D006B6C0A /* HomeSectionsView.swift */,
				792F73D5296B4355007E686E /* SideScroller.swift */,
				792F74352970625B007E686E /* ImageView.swift */,
			);
			path = HelperViews;
			sourceTree = "<group>";
		};
		79C2DCFE285DD0F900D6E6E4 = {
			isa = PBXGroup;
			children = (
				79EA9F78287C81A90076D18A /* README.md */,
				79C2DD09285DD0F900D6E6E4 /* MovieDB */,
				79C2DD08285DD0F900D6E6E4 /* Products */,
			);
			sourceTree = "<group>";
		};
		79C2DD08285DD0F900D6E6E4 /* Products */ = {
			isa = PBXGroup;
			children = (
				79C2DD07285DD0F900D6E6E4 /* MovieDB.app */,
			);
			name = Products;
			sourceTree = "<group>";
		};
		79C2DD09285DD0F900D6E6E4 /* MovieDB */ = {
			isa = PBXGroup;
			children = (
				79C2DD0A285DD0F900D6E6E4 /* MovieDBApp.swift */,
				79DB77642968DBED0084E08F /* MainView.swift */,
				79DB776C296905CB0084E08F /* Tabs */,
				799EC4742875A73000680D07 /* MovieView.swift */,
				792F743C2970C0A0007E686E /* ListMovies.swift */,
				792F7437297065CC007E686E /* HelperViews */,
				797863CE286F985E00A05498 /* MovieAndTVShowRow.swift */,
				79806DCF2970DF97006B6C0A /* TVShowView.swift */,
				798BF9F4297200810017BAC4 /* AddToWatchlistView.swift */,
				792F7408296DC633007E686E /* WatchlistMovieRow.swift */,
				794A0FFF287831D3008BF0F5 /* ActorView.swift */,
				79CC882A28A40C0B00E1E37E /* FullCrewView.swift */,
				797863DC2870B68300A05498 /* PosterImageStyle.swift */,
				792F742A296EBAF1007E686E /* Core Data */,
				79EA9F75287C248F0076D18A /* DataModels */,
				794A0FFB2876FDA4008BF0F5 /* FetchData.swift */,
				792F73D7296B6943007E686E /* Haptics.swift */,
				792F7403296DB4F4007E686E /* MovieDB.xcdatamodeld */,
				79C2DD0E285DD0FB00D6E6E4 /* Assets.xcassets */,
				79C2DD10285DD0FB00D6E6E4 /* Preview Content */,
			);
			path = MovieDB;
			sourceTree = "<group>";
		};
		79C2DD10285DD0FB00D6E6E4 /* Preview Content */ = {
			isa = PBXGroup;
			children = (
				79C2DD11285DD0FB00D6E6E4 /* Preview Assets.xcassets */,
			);
			path = "Preview Content";
			sourceTree = "<group>";
		};
		79DB776C296905CB0084E08F /* Tabs */ = {
			isa = PBXGroup;
			children = (
				79DB77602968DA690084E08F /* Home.swift */,
				797863CC286F983A00A05498 /* Search.swift */,
				79DB776A2968F72F0084E08F /* WatchList.swift */,
			);
			path = Tabs;
			sourceTree = "<group>";
		};
		79EA9F75287C248F0076D18A /* DataModels */ = {
			isa = PBXGroup;
			children = (
				797863CA286F967400A05498 /* Movies.swift */,
				79C3F6C52876F1FC005CB367 /* Cast.swift */,
				792F743A297070DB007E686E /* TVShows.swift */,
				794A0FFD28782C3B008BF0F5 /* Actor.swift */,
				794A10012879E377008BF0F5 /* RelatedMovies.swift */,
				7968890328958B16001BF304 /* Config.swift */,
			);
			path = DataModels;
			sourceTree = "<group>";
		};
/* End PBXGroup section */

/* Begin PBXNativeTarget section */
		79C2DD06285DD0F900D6E6E4 /* MovieDB */ = {
			isa = PBXNativeTarget;
			buildConfigurationList = 79C2DD15285DD0FB00D6E6E4 /* Build configuration list for PBXNativeTarget "MovieDB" */;
			buildPhases = (
				79C2DD03285DD0F900D6E6E4 /* Sources */,
				79C2DD04285DD0F900D6E6E4 /* Frameworks */,
				79C2DD05285DD0F900D6E6E4 /* Resources */,
			);
			buildRules = (
			);
			dependencies = (
			);
			name = MovieDB;
			packageProductDependencies = (
				79A50EE3286C5BB6002D2B1F /* Kingfisher */,
				79EA9F73287ADB5B0076D18A /* CodableX */,
				792F73D32969F683007E686E /* SheeKit */,
			);
			productName = MovieDB;
			productReference = 79C2DD07285DD0F900D6E6E4 /* MovieDB.app */;
			productType = "com.apple.product-type.application";
		};
/* End PBXNativeTarget section */

/* Begin PBXProject section */
		79C2DCFF285DD0F900D6E6E4 /* Project object */ = {
			isa = PBXProject;
			attributes = {
				BuildIndependentTargetsInParallel = 1;
				LastSwiftUpdateCheck = 1340;
				LastUpgradeCheck = 1340;
				TargetAttributes = {
					79C2DD06285DD0F900D6E6E4 = {
						CreatedOnToolsVersion = 13.4.1;
					};
				};
			};
			buildConfigurationList = 79C2DD02285DD0F900D6E6E4 /* Build configuration list for PBXProject "MovieDB" */;
			compatibilityVersion = "Xcode 13.0";
			developmentRegion = en;
			hasScannedForEncodings = 0;
			knownRegions = (
				en,
				Base,
			);
			mainGroup = 79C2DCFE285DD0F900D6E6E4;
			packageReferences = (
				79A50EE2286C5BB6002D2B1F /* XCRemoteSwiftPackageReference "Kingfisher" */,
				79EA9F72287ADB5B0076D18A /* XCRemoteSwiftPackageReference "CodableX" */,
				792F73D22969F683007E686E /* XCRemoteSwiftPackageReference "SheeKit" */,
			);
			productRefGroup = 79C2DD08285DD0F900D6E6E4 /* Products */;
			projectDirPath = "";
			projectRoot = "";
			targets = (
				79C2DD06285DD0F900D6E6E4 /* MovieDB */,
			);
		};
/* End PBXProject section */

/* Begin PBXResourcesBuildPhase section */
		79C2DD05285DD0F900D6E6E4 /* Resources */ = {
			isa = PBXResourcesBuildPhase;
			buildActionMask = 2147483647;
			files = (
				79EA9F79287C81A90076D18A /* README.md in Resources */,
				79C2DD12285DD0FB00D6E6E4 /* Preview Assets.xcassets in Resources */,
				79C2DD0F285DD0FB00D6E6E4 /* Assets.xcassets in Resources */,
			);
			runOnlyForDeploymentPostprocessing = 0;
		};
/* End PBXResourcesBuildPhase section */

/* Begin PBXSourcesBuildPhase section */
		79C2DD03285DD0F900D6E6E4 /* Sources */ = {
			isa = PBXSourcesBuildPhase;
			buildActionMask = 2147483647;
			files = (
				792F74362970625B007E686E /* ImageView.swift in Sources */,
				792F73D8296B6943007E686E /* Haptics.swift in Sources */,
				794A0FFC2876FDA4008BF0F5 /* FetchData.swift in Sources */,
				798BF9F5297200810017BAC4 /* AddToWatchlistView.swift in Sources */,
				792F7429296E2DF8007E686E /* WatchlistMovie+CoreDataProperties.swift in Sources */,
				792F7428296E2DF8007E686E /* WatchlistMovie+CoreDataClass.swift in Sources */,
				79CC882B28A40C0C00E1E37E /* FullCrewView.swift in Sources */,
				79C3F6C62876F1FC005CB367 /* Cast.swift in Sources */,
				794A10022879E377008BF0F5 /* RelatedMovies.swift in Sources */,
				792F7409296DC633007E686E /* WatchlistMovieRow.swift in Sources */,
				792F7407296DB582007E686E /* DataController.swift in Sources */,
				794A0FFE28782C3B008BF0F5 /* Actor.swift in Sources */,
				797863CF286F985E00A05498 /* MovieAndTVShowRow.swift in Sources */,
				797863CD286F983A00A05498 /* Search.swift in Sources */,
				7968890428958B16001BF304 /* Config.swift in Sources */,
				79C2DD0B285DD0F900D6E6E4 /* MovieDBApp.swift in Sources */,
				792F743B297070DB007E686E /* TVShows.swift in Sources */,
				799EC4752875A73000680D07 /* MovieView.swift in Sources */,
				79806DD02970DF97006B6C0A /* TVShowView.swift in Sources */,
				797863CB286F967400A05498 /* Movies.swift in Sources */,
				794A1000287831D3008BF0F5 /* ActorView.swift in Sources */,
				79DB776B2968F72F0084E08F /* WatchList.swift in Sources */,
				79806DD22971A11D006B6C0A /* HomeSectionsView.swift in Sources */,
				792F73D6296B4355007E686E /* SideScroller.swift in Sources */,
				792F743D2970C0A0007E686E /* ListMovies.swift in Sources */,
				79DB77612968DA690084E08F /* Home.swift in Sources */,
				79DB77652968DBED0084E08F /* MainView.swift in Sources */,
				792F7405296DB4F4007E686E /* MovieDB.xcdatamodeld in Sources */,
				797863DD2870B68300A05498 /* PosterImageStyle.swift in Sources */,
			);
			runOnlyForDeploymentPostprocessing = 0;
		};
/* End PBXSourcesBuildPhase section */

/* Begin XCBuildConfiguration section */
		79C2DD13285DD0FB00D6E6E4 /* Debug */ = {
			isa = XCBuildConfiguration;
			buildSettings = {
				ALWAYS_SEARCH_USER_PATHS = NO;
				CLANG_ANALYZER_NONNULL = YES;
				CLANG_ANALYZER_NUMBER_OBJECT_CONVERSION = YES_AGGRESSIVE;
				CLANG_CXX_LANGUAGE_STANDARD = "gnu++17";
				CLANG_ENABLE_MODULES = YES;
				CLANG_ENABLE_OBJC_ARC = YES;
				CLANG_ENABLE_OBJC_WEAK = YES;
				CLANG_WARN_BLOCK_CAPTURE_AUTORELEASING = YES;
				CLANG_WARN_BOOL_CONVERSION = YES;
				CLANG_WARN_COMMA = YES;
				CLANG_WARN_CONSTANT_CONVERSION = YES;
				CLANG_WARN_DEPRECATED_OBJC_IMPLEMENTATIONS = YES;
				CLANG_WARN_DIRECT_OBJC_ISA_USAGE = YES_ERROR;
				CLANG_WARN_DOCUMENTATION_COMMENTS = YES;
				CLANG_WARN_EMPTY_BODY = YES;
				CLANG_WARN_ENUM_CONVERSION = YES;
				CLANG_WARN_INFINITE_RECURSION = YES;
				CLANG_WARN_INT_CONVERSION = YES;
				CLANG_WARN_NON_LITERAL_NULL_CONVERSION = YES;
				CLANG_WARN_OBJC_IMPLICIT_RETAIN_SELF = YES;
				CLANG_WARN_OBJC_LITERAL_CONVERSION = YES;
				CLANG_WARN_OBJC_ROOT_CLASS = YES_ERROR;
				CLANG_WARN_QUOTED_INCLUDE_IN_FRAMEWORK_HEADER = YES;
				CLANG_WARN_RANGE_LOOP_ANALYSIS = YES;
				CLANG_WARN_STRICT_PROTOTYPES = YES;
				CLANG_WARN_SUSPICIOUS_MOVE = YES;
				CLANG_WARN_UNGUARDED_AVAILABILITY = YES_AGGRESSIVE;
				CLANG_WARN_UNREACHABLE_CODE = YES;
				CLANG_WARN__DUPLICATE_METHOD_MATCH = YES;
				COPY_PHASE_STRIP = NO;
				DEBUG_INFORMATION_FORMAT = dwarf;
				ENABLE_STRICT_OBJC_MSGSEND = YES;
				ENABLE_TESTABILITY = YES;
				GCC_C_LANGUAGE_STANDARD = gnu11;
				GCC_DYNAMIC_NO_PIC = NO;
				GCC_NO_COMMON_BLOCKS = YES;
				GCC_OPTIMIZATION_LEVEL = 0;
				GCC_PREPROCESSOR_DEFINITIONS = (
					"DEBUG=1",
					"$(inherited)",
				);
				GCC_WARN_64_TO_32_BIT_CONVERSION = YES;
				GCC_WARN_ABOUT_RETURN_TYPE = YES_ERROR;
				GCC_WARN_UNDECLARED_SELECTOR = YES;
				GCC_WARN_UNINITIALIZED_AUTOS = YES_AGGRESSIVE;
				GCC_WARN_UNUSED_FUNCTION = YES;
				GCC_WARN_UNUSED_VARIABLE = YES;
				IPHONEOS_DEPLOYMENT_TARGET = 15.5;
				MTL_ENABLE_DEBUG_INFO = INCLUDE_SOURCE;
				MTL_FAST_MATH = YES;
				ONLY_ACTIVE_ARCH = YES;
				SDKROOT = iphoneos;
				SWIFT_ACTIVE_COMPILATION_CONDITIONS = DEBUG;
				SWIFT_OPTIMIZATION_LEVEL = "-Onone";
			};
			name = Debug;
		};
		79C2DD14285DD0FB00D6E6E4 /* Release */ = {
			isa = XCBuildConfiguration;
			buildSettings = {
				ALWAYS_SEARCH_USER_PATHS = NO;
				CLANG_ANALYZER_NONNULL = YES;
				CLANG_ANALYZER_NUMBER_OBJECT_CONVERSION = YES_AGGRESSIVE;
				CLANG_CXX_LANGUAGE_STANDARD = "gnu++17";
				CLANG_ENABLE_MODULES = YES;
				CLANG_ENABLE_OBJC_ARC = YES;
				CLANG_ENABLE_OBJC_WEAK = YES;
				CLANG_WARN_BLOCK_CAPTURE_AUTORELEASING = YES;
				CLANG_WARN_BOOL_CONVERSION = YES;
				CLANG_WARN_COMMA = YES;
				CLANG_WARN_CONSTANT_CONVERSION = YES;
				CLANG_WARN_DEPRECATED_OBJC_IMPLEMENTATIONS = YES;
				CLANG_WARN_DIRECT_OBJC_ISA_USAGE = YES_ERROR;
				CLANG_WARN_DOCUMENTATION_COMMENTS = YES;
				CLANG_WARN_EMPTY_BODY = YES;
				CLANG_WARN_ENUM_CONVERSION = YES;
				CLANG_WARN_INFINITE_RECURSION = YES;
				CLANG_WARN_INT_CONVERSION = YES;
				CLANG_WARN_NON_LITERAL_NULL_CONVERSION = YES;
				CLANG_WARN_OBJC_IMPLICIT_RETAIN_SELF = YES;
				CLANG_WARN_OBJC_LITERAL_CONVERSION = YES;
				CLANG_WARN_OBJC_ROOT_CLASS = YES_ERROR;
				CLANG_WARN_QUOTED_INCLUDE_IN_FRAMEWORK_HEADER = YES;
				CLANG_WARN_RANGE_LOOP_ANALYSIS = YES;
				CLANG_WARN_STRICT_PROTOTYPES = YES;
				CLANG_WARN_SUSPICIOUS_MOVE = YES;
				CLANG_WARN_UNGUARDED_AVAILABILITY = YES_AGGRESSIVE;
				CLANG_WARN_UNREACHABLE_CODE = YES;
				CLANG_WARN__DUPLICATE_METHOD_MATCH = YES;
				COPY_PHASE_STRIP = NO;
				DEBUG_INFORMATION_FORMAT = "dwarf-with-dsym";
				ENABLE_NS_ASSERTIONS = NO;
				ENABLE_STRICT_OBJC_MSGSEND = YES;
				GCC_C_LANGUAGE_STANDARD = gnu11;
				GCC_NO_COMMON_BLOCKS = YES;
				GCC_WARN_64_TO_32_BIT_CONVERSION = YES;
				GCC_WARN_ABOUT_RETURN_TYPE = YES_ERROR;
				GCC_WARN_UNDECLARED_SELECTOR = YES;
				GCC_WARN_UNINITIALIZED_AUTOS = YES_AGGRESSIVE;
				GCC_WARN_UNUSED_FUNCTION = YES;
				GCC_WARN_UNUSED_VARIABLE = YES;
				IPHONEOS_DEPLOYMENT_TARGET = 15.5;
				MTL_ENABLE_DEBUG_INFO = NO;
				MTL_FAST_MATH = YES;
				SDKROOT = iphoneos;
				SWIFT_COMPILATION_MODE = wholemodule;
				SWIFT_OPTIMIZATION_LEVEL = "-O";
				VALIDATE_PRODUCT = YES;
			};
			name = Release;
		};
		79C2DD16285DD0FB00D6E6E4 /* Debug */ = {
			isa = XCBuildConfiguration;
			buildSettings = {
				ASSETCATALOG_COMPILER_APPICON_NAME = AppIcon;
				ASSETCATALOG_COMPILER_GLOBAL_ACCENT_COLOR_NAME = AccentColor;
				CODE_SIGN_STYLE = Automatic;
				CURRENT_PROJECT_VERSION = 1;
				DEVELOPMENT_ASSET_PATHS = "\"MovieDB/Preview Content\"";
				DEVELOPMENT_TEAM = 22Y9TQ9VPL;
				ENABLE_PREVIEWS = YES;
				GENERATE_INFOPLIST_FILE = YES;
				INFOPLIST_KEY_UIApplicationSceneManifest_Generation = YES;
				INFOPLIST_KEY_UIApplicationSupportsIndirectInputEvents = YES;
				INFOPLIST_KEY_UILaunchScreen_Generation = YES;
				INFOPLIST_KEY_UISupportedInterfaceOrientations = UIInterfaceOrientationPortrait;
				INFOPLIST_KEY_UISupportedInterfaceOrientations_iPad = "UIInterfaceOrientationLandscapeLeft UIInterfaceOrientationLandscapeRight UIInterfaceOrientationPortrait UIInterfaceOrientationPortraitUpsideDown";
				LD_RUNPATH_SEARCH_PATHS = (
					"$(inherited)",
					"@executable_path/Frameworks",
				);
				MARKETING_VERSION = 1.0;
				PRODUCT_BUNDLE_IDENTIFIER = com.gurcangulec.MovieDB;
				PRODUCT_NAME = "$(TARGET_NAME)";
				SUPPORTED_PLATFORMS = "iphoneos iphonesimulator";
				SUPPORTS_MACCATALYST = NO;
				SUPPORTS_MAC_DESIGNED_FOR_IPHONE_IPAD = NO;
				SWIFT_EMIT_LOC_STRINGS = YES;
				SWIFT_VERSION = 5.0;
				TARGETED_DEVICE_FAMILY = 1;
			};
			name = Debug;
		};
		79C2DD17285DD0FB00D6E6E4 /* Release */ = {
			isa = XCBuildConfiguration;
			buildSettings = {
				ASSETCATALOG_COMPILER_APPICON_NAME = AppIcon;
				ASSETCATALOG_COMPILER_GLOBAL_ACCENT_COLOR_NAME = AccentColor;
				CODE_SIGN_STYLE = Automatic;
				CURRENT_PROJECT_VERSION = 1;
				DEVELOPMENT_ASSET_PATHS = "\"MovieDB/Preview Content\"";
				DEVELOPMENT_TEAM = 22Y9TQ9VPL;
				ENABLE_PREVIEWS = YES;
				GENERATE_INFOPLIST_FILE = YES;
				INFOPLIST_KEY_UIApplicationSceneManifest_Generation = YES;
				INFOPLIST_KEY_UIApplicationSupportsIndirectInputEvents = YES;
				INFOPLIST_KEY_UILaunchScreen_Generation = YES;
				INFOPLIST_KEY_UISupportedInterfaceOrientations = UIInterfaceOrientationPortrait;
				INFOPLIST_KEY_UISupportedInterfaceOrientations_iPad = "UIInterfaceOrientationLandscapeLeft UIInterfaceOrientationLandscapeRight UIInterfaceOrientationPortrait UIInterfaceOrientationPortraitUpsideDown";
				LD_RUNPATH_SEARCH_PATHS = (
					"$(inherited)",
					"@executable_path/Frameworks",
				);
				MARKETING_VERSION = 1.0;
				PRODUCT_BUNDLE_IDENTIFIER = com.gurcangulec.MovieDB;
				PRODUCT_NAME = "$(TARGET_NAME)";
				SUPPORTED_PLATFORMS = "iphoneos iphonesimulator";
				SUPPORTS_MACCATALYST = NO;
				SUPPORTS_MAC_DESIGNED_FOR_IPHONE_IPAD = NO;
				SWIFT_EMIT_LOC_STRINGS = YES;
				SWIFT_VERSION = 5.0;
				TARGETED_DEVICE_FAMILY = 1;
			};
			name = Release;
		};
/* End XCBuildConfiguration section */

/* Begin XCConfigurationList section */
		79C2DD02285DD0F900D6E6E4 /* Build configuration list for PBXProject "MovieDB" */ = {
			isa = XCConfigurationList;
			buildConfigurations = (
				79C2DD13285DD0FB00D6E6E4 /* Debug */,
				79C2DD14285DD0FB00D6E6E4 /* Release */,
			);
			defaultConfigurationIsVisible = 0;
			defaultConfigurationName = Release;
		};
		79C2DD15285DD0FB00D6E6E4 /* Build configuration list for PBXNativeTarget "MovieDB" */ = {
			isa = XCConfigurationList;
			buildConfigurations = (
				79C2DD16285DD0FB00D6E6E4 /* Debug */,
				79C2DD17285DD0FB00D6E6E4 /* Release */,
			);
			defaultConfigurationIsVisible = 0;
			defaultConfigurationName = Release;
		};
/* End XCConfigurationList section */

/* Begin XCRemoteSwiftPackageReference section */
		792F73D22969F683007E686E /* XCRemoteSwiftPackageReference "SheeKit" */ = {
			isa = XCRemoteSwiftPackageReference;
			repositoryURL = "https://github.com/edudnyk/SheeKit";
			requirement = {
				branch = main;
				kind = branch;
			};
		};
		79A50EE2286C5BB6002D2B1F /* XCRemoteSwiftPackageReference "Kingfisher" */ = {
			isa = XCRemoteSwiftPackageReference;
			repositoryURL = "https://github.com/onevcat/Kingfisher";
			requirement = {
				kind = upToNextMajorVersion;
				minimumVersion = 7.0.0;
			};
		};
		79EA9F72287ADB5B0076D18A /* XCRemoteSwiftPackageReference "CodableX" */ = {
			isa = XCRemoteSwiftPackageReference;
			repositoryURL = "https://github.com/dscyrescotti/CodableX";
			requirement = {
				kind = upToNextMajorVersion;
				minimumVersion = 0.2.0;
			};
		};
/* End XCRemoteSwiftPackageReference section */

/* Begin XCSwiftPackageProductDependency section */
		792F73D32969F683007E686E /* SheeKit */ = {
			isa = XCSwiftPackageProductDependency;
			package = 792F73D22969F683007E686E /* XCRemoteSwiftPackageReference "SheeKit" */;
			productName = SheeKit;
		};
		79A50EE3286C5BB6002D2B1F /* Kingfisher */ = {
			isa = XCSwiftPackageProductDependency;
			package = 79A50EE2286C5BB6002D2B1F /* XCRemoteSwiftPackageReference "Kingfisher" */;
			productName = Kingfisher;
		};
		79EA9F73287ADB5B0076D18A /* CodableX */ = {
			isa = XCSwiftPackageProductDependency;
			package = 79EA9F72287ADB5B0076D18A /* XCRemoteSwiftPackageReference "CodableX" */;
			productName = CodableX;
		};
/* End XCSwiftPackageProductDependency section */

/* Begin XCVersionGroup section */
		792F7403296DB4F4007E686E /* MovieDB.xcdatamodeld */ = {
			isa = XCVersionGroup;
			children = (
				792F7404296DB4F4007E686E /* MovieDB.xcdatamodel */,
			);
			currentVersion = 792F7404296DB4F4007E686E /* MovieDB.xcdatamodel */;
			path = MovieDB.xcdatamodeld;
			sourceTree = "<group>";
			versionGroupType = wrapper.xcdatamodel;
		};
/* End XCVersionGroup section */
	};
	rootObject = 79C2DCFF285DD0F900D6E6E4 /* Project object */;
}
